
Microsoft Visual Studio Solution File, Format Version 12.00
# Visual Studio Version 16
VisualStudioVersion = 16.0.30717.126
MinimumVisualStudioVersion = 10.0.40219.1
Project("{9A19103F-16F7-4668-BE54-9A1E7A4F7556}") = "ArcaeaRanklistBot", "ArcaeaRanklistBot\ArcaeaRanklistBot.csproj", "{9CB24230-01B4-49A9-B47C-E8828D808923}"
EndProject
Global
	GlobalSection(SolutionConfigurationPlatforms) = preSolution
		Debug|Any CPU = Debug|Any CPU
		Release|Any CPU = Release|Any CPU
	EndGlobalSection
	GlobalSection(ProjectConfigurationPlatforms) = postSolution
		{9CB24230-01B4-49A9-B47C-E8828D808923}.Debug|Any CPU.ActiveCfg = Debug|Any CPU
		{9CB24230-01B4-49A9-B47C-E8828D808923}.Debug|Any CPU.Build.0 = Debug|Any CPU
		{9CB24230-01B4-49A9-B47C-E8828D808923}.Release|Any CPU.ActiveCfg = Release|Any CPU
		{9CB24230-01B4-49A9-B47C-E8828D808923}.Release|Any CPU.Build.0 = Release|Any CPU
	EndGlobalSection
	GlobalSection(SolutionProperties) = preSolution
		HideSolutionNode = FALSE
	EndGlobalSection
	GlobalSection(ExtensibilityGlobals) = postSolution
		SolutionGuid = {68B8A269-7352-4D92-90DC-2B1AEE2C93EB}
	EndGlobalSection
EndGlobal
